
Microsoft Visual Studio Solution File, Format Version 12.00
# Visual Studio Version 16
VisualStudioVersion = 16.0.30523.141
MinimumVisualStudioVersion = 10.0.40219.1
Project("{FAE04EC0-301F-11D3-BF4B-00C04F79EFBC}") = "SalesWebMvcUdemy", "SalesWebMvcUdemy\SalesWebMvcUdemy.csproj", "{BE6F487B-D977-464F-86E9-2B5D2111D10C}"
EndProject
Global
	GlobalSection(SolutionConfigurationPlatforms) = preSolution
		Debug|Any CPU = Debug|Any CPU
		Release|Any CPU = Release|Any CPU
	EndGlobalSection
	GlobalSection(ProjectConfigurationPlatforms) = postSolution
		{BE6F487B-D977-464F-86E9-2B5D2111D10C}.Debug|Any CPU.ActiveCfg = Debug|Any CPU
		{BE6F487B-D977-464F-86E9-2B5D2111D10C}.Debug|Any CPU.Build.0 = Debug|Any CPU
		{BE6F487B-D977-464F-86E9-2B5D2111D10C}.Release|Any CPU.ActiveCfg = Release|Any CPU
		{BE6F487B-D977-464F-86E9-2B5D2111D10C}.Release|Any CPU.Build.0 = Release|Any CPU
	EndGlobalSection
	GlobalSection(SolutionProperties) = preSolution
		HideSolutionNode = FALSE
	EndGlobalSection
	GlobalSection(ExtensibilityGlobals) = postSolution
		SolutionGuid = {6CAF0139-D753-4838-B679-1AF3944B9339}
	EndGlobalSection
EndGlobal
